
Microsoft Visual Studio Solution File, Format Version 12.00
# Visual Studio Version 17
VisualStudioVersion = 17.4.33110.190
MinimumVisualStudioVersion = 10.0.40219.1
Project("{FAE04EC0-301F-11D3-BF4B-00C04F79EFBC}") = "StreakzApp WindowsForm prototype", "StreakzApp WindowsForm prototype.csproj", "{0F386F9A-5563-4B8F-A956-D90E6E4EF592}"
EndProject
Global
	GlobalSection(SolutionConfigurationPlatforms) = preSolution
		Debug|Any CPU = Debug|Any CPU
		Release|Any CPU = Release|Any CPU
	EndGlobalSection
	GlobalSection(ProjectConfigurationPlatforms) = postSolution
		{0F386F9A-5563-4B8F-A956-D90E6E4EF592}.Debug|Any CPU.ActiveCfg = Debug|Any CPU
		{0F386F9A-5563-4B8F-A956-D90E6E4EF592}.Debug|Any CPU.Build.0 = Debug|Any CPU
		{0F386F9A-5563-4B8F-A956-D90E6E4EF592}.Release|Any CPU.ActiveCfg = Release|Any CPU
		{0F386F9A-5563-4B8F-A956-D90E6E4EF592}.Release|Any CPU.Build.0 = Release|Any CPU
	EndGlobalSection
	GlobalSection(SolutionProperties) = preSolution
		HideSolutionNode = FALSE
	EndGlobalSection
	GlobalSection(ExtensibilityGlobals) = postSolution
		SolutionGuid = {2C2C18DA-A784-4178-9E0C-AAD1E727292F}
	EndGlobalSection
EndGlobal
